Microsoft Visual Studio Solution File, Format Version 12.00
# Visual Studio Version 17
VisualStudioVersion = 17.5.2.0
MinimumVisualStudioVersion = 10.0.40219.1
Project("{FAE04EC0-301F-11D3-BF4B-00C04F79EFBC}") = "SharePoint-Online-Manager", "SharePoint-Online-Manager.csproj", "{1E719C07-979D-86CF-E08A-C72E10AD0CAA}"
EndProject
Global
	GlobalSection(SolutionConfigurationPlatforms) = preSolution
		Debug|Any CPU = Debug|Any CPU
		Release|Any CPU = Release|Any CPU
	EndGlobalSection
	GlobalSection(ProjectConfigurationPlatforms) = postSolution
		{1E719C07-979D-86CF-E08A-C72E10AD0CAA}.Debug|Any CPU.ActiveCfg = Debug|Any CPU
		{1E719C07-979D-86CF-E08A-C72E10AD0CAA}.Debug|Any CPU.Build.0 = Debug|Any CPU
		{1E719C07-979D-86CF-E08A-C72E10AD0CAA}.Release|Any CPU.ActiveCfg = Release|Any CPU
		{1E719C07-979D-86CF-E08A-C72E10AD0CAA}.Release|Any CPU.Build.0 = Release|Any CPU
	EndGlobalSection
	GlobalSection(SolutionProperties) = preSolution
		HideSolutionNode = FALSE
	EndGlobalSection
	GlobalSection(ExtensibilityGlobals) = postSolution
		SolutionGuid = {3CB21B42-4B89-4CB3-9F4E-2746B1C15CB5}
	EndGlobalSection
EndGlobal
